PODS:
  - GCDWebServer (3.5.4):
    - GCDWebServer/Core (= 3.5.4)
  - GCDWebServer/Core (3.5.4)
  - JRSwizzle (1.0)
  - MMKV (1.2.2):
    - MMKVCore (~> 1.2.2)
  - MMKVCore (1.2.2)
  - YYModel (1.0.4)

DEPENDENCIES:
  - GCDWebServer
  - JRSwizzle
  - MMKV
  - YYModel

SPEC REPOS:
  trunk:
    - GCDWebServer
    - JRSwizzle
    - MMKV
    - MMKVCore
    - YYModel

SPEC CHECKSUMS:
  GCDWebServer: 2c156a56c8226e2d5c0c3f208a3621ccffbe3ce4
  JRSwizzle: dd5ead5d913a0f29e7f558200165849f006bb1e3
  MMKV: b14909757d8b70e2aa89ff1c6d56a7b239e10a29
  MMKVCore: 6225324fe5006026bc86ef8641d567e00c6582f3
  YYModel: 2a7fdd96aaa4b86a824e26d0c517de8928c04b30

PODFILE CHECKSUM: fb1b1e412c5f88813595570bd6f951a741cda575

COCOAPODS: 1.10.0.beta.1
